
Microsoft Visual Studio Solution File, Format Version 12.00
# Visual Studio 15
VisualStudioVersion = 15.0.26430.6
MinimumVisualStudioVersion = 10.0.40219.1
Project("{FAE04EC0-301F-11D3-BF4B-00C04F79EFBC}") = "TimTimSushi.Android", "TimTimSushi\TimTimSushi.Android\TimTimSushi.Android.csproj", "{2CB51AEE-4C98-4063-B224-E6CEFBD3A9DA}"
EndProject
Project("{FAE04EC0-301F-11D3-BF4B-00C04F79EFBC}") = "TimTimSushi", "TimTimSushi\TimTimSushi\TimTimSushi.csproj", "{D7CA417C-919D-477A-9EB6-E9EFB7497253}"
EndProject
Project("{FAE04EC0-301F-11D3-BF4B-00C04F79EFBC}") = "TimTimSushi.UWP", "TimTimSushi\TimTimSushi.UWP\TimTimSushi.UWP.csproj", "{130309BF-978F-44B7-B9DE-D251AB967BEE}"
EndProject
Project("{FAE04EC0-301F-11D3-BF4B-00C04F79EFBC}") = "TimTimSushi.iOS", "TimTimSushi\TimTimSushi.iOS\TimTimSushi.iOS.csproj", "{222E610E-4E1F-4916-9E1A-272867B553A4}"
EndProject
Global
	GlobalSection(SolutionConfigurationPlatforms) = preSolution
		Ad-Hoc|Any CPU = Ad-Hoc|Any CPU
		Ad-Hoc|ARM = Ad-Hoc|ARM
		Ad-Hoc|iPhone = Ad-Hoc|iPhone
		Ad-Hoc|iPhoneSimulator = Ad-Hoc|iPhoneSimulator
		Ad-Hoc|x64 = Ad-Hoc|x64
		Ad-Hoc|x86 = Ad-Hoc|x86
		AppStore|Any CPU = AppStore|Any CPU
		AppStore|ARM = AppStore|ARM
		AppStore|iPhone = AppStore|iPhone
		AppStore|iPhoneSimulator = AppStore|iPhoneSimulator
		AppStore|x64 = AppStore|x64
		AppStore|x86 = AppStore|x86
		Debug|Any CPU = Debug|Any CPU
		Debug|ARM = Debug|ARM
		Debug|iPhone = Debug|iPhone
		Debug|iPhoneSimulator = Debug|iPhoneSimulator
		Debug|x64 = Debug|x64
		Debug|x86 = Debug|x86
		Release|Any CPU = Release|Any CPU
		Release|ARM = Release|ARM
		Release|iPhone = Release|iPhone
		Release|iPhoneSimulator = Release|iPhoneSimulator
		Release|x64 = Release|x64
		Release|x86 = Release|x86
	EndGlobalSection
	GlobalSection(ProjectConfigurationPlatforms) = postSolution
		{2CB51AEE-4C98-4063-B224-E6CEFBD3A9DA}.Ad-Hoc|Any CPU.ActiveCfg = Release|Any CPU
		{2CB51AEE-4C98-4063-B224-E6CEFBD3A9DA}.Ad-Hoc|Any CPU.Build.0 = Release|Any CPU
		{2CB51AEE-4C98-4063-B224-E6CEFBD3A9DA}.Ad-Hoc|Any CPU.Deploy.0 = Release|Any CPU
		{2CB51AEE-4C98-4063-B224-E6CEFBD3A9DA}.Ad-Hoc|ARM.ActiveCfg = Release|Any CPU
		{2CB51AEE-4C98-4063-B224-E6CEFBD3A9DA}.Ad-Hoc|ARM.Build.0 = Release|Any CPU
		{2CB51AEE-4C98-4063-B224-E6CEFBD3A9DA}.Ad-Hoc|ARM.Deploy.0 = Release|Any CPU
		{2CB51AEE-4C98-4063-B224-E6CEFBD3A9DA}.Ad-Hoc|iPhone.ActiveCfg = Release|Any CPU
		{2CB51AEE-4C98-4063-B224-E6CEFBD3A9DA}.Ad-Hoc|iPhone.Build.0 = Release|Any CPU
		{2CB51AEE-4C98-4063-B224-E6CEFBD3A9DA}.Ad-Hoc|iPhone.Deploy.0 = Release|Any CPU
		{2CB51AEE-4C98-4063-B224-E6CEFBD3A9DA}.Ad-Hoc|iPhoneSimulator.ActiveCfg = Release|Any CPU
		{2CB51AEE-4C98-4063-B224-E6CEFBD3A9DA}.Ad-Hoc|iPhoneSimulator.Build.0 = Release|Any CPU
		{2CB51AEE-4C98-4063-B224-E6CEFBD3A9DA}.Ad-Hoc|iPhoneSimulator.Deploy.0 = Release|Any CPU
		{2CB51AEE-4C98-4063-B224-E6CEFBD3A9DA}.Ad-Hoc|x64.ActiveCfg = Release|Any CPU
		{2CB51AEE-4C98-4063-B224-E6CEFBD3A9DA}.Ad-Hoc|x64.Build.0 = Release|Any CPU
		{2CB51AEE-4C98-4063-B224-E6CEFBD3A9DA}.Ad-Hoc|x64.Deploy.0 = Release|Any CPU
		{2CB51AEE-4C98-4063-B224-E6CEFBD3A9DA}.Ad-Hoc|x86.ActiveCfg = Release|Any CPU
		{2CB51AEE-4C98-4063-B224-E6CEFBD3A9DA}.Ad-Hoc|x86.Build.0 = Release|Any CPU
		{2CB51AEE-4C98-4063-B224-E6CEFBD3A9DA}.Ad-Hoc|x86.Deploy.0 = Release|Any CPU
		{2CB51AEE-4C98-4063-B224-E6CEFBD3A9DA}.AppStore|Any CPU.ActiveCfg = Release|Any CPU
		{2CB51AEE-4C98-4063-B224-E6CEFBD3A9DA}.AppStore|Any CPU.Build.0 = Release|Any CPU
		{2CB51AEE-4C98-4063-B224-E6CEFBD3A9DA}.AppStore|Any CPU.Deploy.0 = Release|Any CPU
		{2CB51AEE-4C98-4063-B224-E6CEFBD3A9DA}.AppStore|ARM.ActiveCfg = Release|Any CPU
		{2CB51AEE-4C98-4063-B224-E6CEFBD3A9DA}.AppStore|ARM.Build.0 = Release|Any CPU
		{2CB51AEE-4C98-4063-B224-E6CEFBD3A9DA}.AppStore|ARM.Deploy.0 = Release|Any CPU
		{2CB51AEE-4C98-4063-B224-E6CEFBD3A9DA}.AppStore|iPhone.ActiveCfg = Release|Any CPU
		{2CB51AEE-4C98-4063-B224-E6CEFBD3A9DA}.AppStore|iPhone.Build.0 = Release|Any CPU
		{2CB51AEE-4C98-4063-B224-E6CEFBD3A9DA}.AppStore|iPhone.Deploy.0 = Release|Any CPU
		{2CB51AEE-4C98-4063-B224-E6CEFBD3A9DA}.AppStore|iPhoneSimulator.ActiveCfg = Release|Any CPU
		{2CB51AEE-4C98-4063-B224-E6CEFBD3A9DA}.AppStore|iPhoneSimulator.Build.0 = Release|Any CPU
		{2CB51AEE-4C98-4063-B224-E6CEFBD3A9DA}.AppStore|iPhoneSimulator.Deploy.0 = Release|Any CPU
		{2CB51AEE-4C98-4063-B224-E6CEFBD3A9DA}.AppStore|x64.ActiveCfg = Release|Any CPU
		{2CB51AEE-4C98-4063-B224-E6CEFBD3A9DA}.AppStore|x64.Build.0 = Release|Any CPU
		{2CB51AEE-4C98-4063-B224-E6CEFBD3A9DA}.AppStore|x64.Deploy.0 = Release|Any CPU
		{2CB51AEE-4C98-4063-B224-E6CEFBD3A9DA}.AppStore|x86.ActiveCfg = Release|Any CPU
		{2CB51AEE-4C98-4063-B224-E6CEFBD3A9DA}.AppStore|x86.Build.0 = Release|Any CPU
		{2CB51AEE-4C98-4063-B224-E6CEFBD3A9DA}.AppStore|x86.Deploy.0 = Release|Any CPU
		{2CB51AEE-4C98-4063-B224-E6CEFBD3A9DA}.Debug|Any CPU.ActiveCfg = Debug|Any CPU
		{2CB51AEE-4C98-4063-B224-E6CEFBD3A9DA}.Debug|Any CPU.Build.0 = Debug|Any CPU
		{2CB51AEE-4C98-4063-B224-E6CEFBD3A9DA}.Debug|Any CPU.Deploy.0 = Debug|Any CPU
		{2CB51AEE-4C98-4063-B224-E6CEFBD3A9DA}.Debug|ARM.ActiveCfg = Debug|Any CPU
		{2CB51AEE-4C98-4063-B224-E6CEFBD3A9DA}.Debug|ARM.Build.0 = Debug|Any CPU
		{2CB51AEE-4C98-4063-B224-E6CEFBD3A9DA}.Debug|ARM.Deploy.0 = Debug|Any CPU
		{2CB51AEE-4C98-4063-B224-E6CEFBD3A9DA}.Debug|iPhone.ActiveCfg = Debug|Any CPU
		{2CB51AEE-4C98-4063-B224-E6CEFBD3A9DA}.Debug|iPhone.Build.0 = Debug|Any CPU
		{2CB51AEE-4C98-4063-B224-E6CEFBD3A9DA}.Debug|iPhone.Deploy.0 = Debug|Any CPU
		{2CB51AEE-4C98-4063-B224-E6CEFBD3A9DA}.Debug|iPhoneSimulator.ActiveCfg = Debug|Any CPU
		{2CB51AEE-4C98-4063-B224-E6CEFBD3A9DA}.Debug|iPhoneSimulator.Build.0 = Debug|Any CPU
		{2CB51AEE-4C98-4063-B224-E6CEFBD3A9DA}.Debug|iPhoneSimulator.Deploy.0 = Debug|Any CPU
		{2CB51AEE-4C98-4063-B224-E6CEFBD3A9DA}.Debug|x64.ActiveCfg = Debug|Any CPU
		{2CB51AEE-4C98-4063-B224-E6CEFBD3A9DA}.Debug|x64.Build.0 = Debug|Any CPU
		{2CB51AEE-4C98-4063-B224-E6CEFBD3A9DA}.Debug|x64.Deploy.0 = Debug|Any CPU
		{2CB51AEE-4C98-4063-B224-E6CEFBD3A9DA}.Debug|x86.ActiveCfg = Debug|Any CPU
		{2CB51AEE-4C98-4063-B224-E6CEFBD3A9DA}.Debug|x86.Build.0 = Debug|Any CPU
		{2CB51AEE-4C98-4063-B224-E6CEFBD3A9DA}.Debug|x86.Deploy.0 = Debug|Any CPU
		{2CB51AEE-4C98-4063-B224-E6CEFBD3A9DA}.Release|Any CPU.ActiveCfg = Release|Any CPU
		{2CB51AEE-4C98-4063-B224-E6CEFBD3A9DA}.Release|Any CPU.Build.0 = Release|Any CPU
		{2CB51AEE-4C98-4063-B224-E6CEFBD3A9DA}.Release|Any CPU.Deploy.0 = Release|Any CPU
		{2CB51AEE-4C98-4063-B224-E6CEFBD3A9DA}.Release|ARM.ActiveCfg = Release|Any CPU
		{2CB51AEE-4C98-4063-B224-E6CEFBD3A9DA}.Release|ARM.Build.0 = Release|Any CPU
		{2CB51AEE-4C98-4063-B224-E6CEFBD3A9DA}.Release|ARM.Deploy.0 = Release|Any CPU
		{2CB51AEE-4C98-4063-B224-E6CEFBD3A9DA}.Release|iPhone.ActiveCfg = Release|Any CPU
		{2CB51AEE-4C98-4063-B224-E6CEFBD3A9DA}.Release|iPhone.Build.0 = Release|Any CPU
		{2CB51AEE-4C98-4063-B224-E6CEFBD3A9DA}.Release|iPhone.Deploy.0 = Release|Any CPU
		{2CB51AEE-4C98-4063-B224-E6CEFBD3A9DA}.Release|iPhoneSimulator.ActiveCfg = Release|Any CPU
		{2CB51AEE-4C98-4063-B224-E6CEFBD3A9DA}.Release|iPhoneSimulator.Build.0 = Release|Any CPU
		{2CB51AEE-4C98-4063-B224-E6CEFBD3A9DA}.Release|iPhoneSimulator.Deploy.0 = Release|Any CPU
		{2CB51AEE-4C98-4063-B224-E6CEFBD3A9DA}.Release|x64.ActiveCfg = Release|Any CPU
		{2CB51AEE-4C98-4063-B224-E6CEFBD3A9DA}.Release|x64.Build.0 = Release|Any CPU
		{2CB51AEE-4C98-4063-B224-E6CEFBD3A9DA}.Release|x64.Deploy.0 = Release|Any CPU
		{2CB51AEE-4C98-4063-B224-E6CEFBD3A9DA}.Release|x86.ActiveCfg = Release|Any CPU
		{2CB51AEE-4C98-4063-B224-E6CEFBD3A9DA}.Release|x86.Build.0 = Release|Any CPU
		{2CB51AEE-4C98-4063-B224-E6CEFBD3A9DA}.Release|x86.Deploy.0 = Release|Any CPU
		{D7CA417C-919D-477A-9EB6-E9EFB7497253}.Ad-Hoc|Any CPU.ActiveCfg = Release|Any CPU
		{D7CA417C-919D-477A-9EB6-E9EFB7497253}.Ad-Hoc|Any CPU.Build.0 = Release|Any CPU
		{D7CA417C-919D-477A-9EB6-E9EFB7497253}.Ad-Hoc|ARM.ActiveCfg = Release|Any CPU
		{D7CA417C-919D-477A-9EB6-E9EFB7497253}.Ad-Hoc|ARM.Build.0 = Release|Any CPU
		{D7CA417C-919D-477A-9EB6-E9EFB7497253}.Ad-Hoc|iPhone.ActiveCfg = Release|Any CPU
		{D7CA417C-919D-477A-9EB6-E9EFB7497253}.Ad-Hoc|iPhone.Build.0 = Release|Any CPU
		{D7CA417C-919D-477A-9EB6-E9EFB7497253}.Ad-Hoc|iPhoneSimulator.ActiveCfg = Release|Any CPU
		{D7CA417C-919D-477A-9EB6-E9EFB7497253}.Ad-Hoc|iPhoneSimulator.Build.0 = Release|Any CPU
		{D7CA417C-919D-477A-9EB6-E9EFB7497253}.Ad-Hoc|x64.ActiveCfg = Release|Any CPU
		{D7CA417C-919D-477A-9EB6-E9EFB7497253}.Ad-Hoc|x64.Build.0 = Release|Any CPU
		{D7CA417C-919D-477A-9EB6-E9EFB7497253}.Ad-Hoc|x86.ActiveCfg = Release|Any CPU
		{D7CA417C-919D-477A-9EB6-E9EFB7497253}.Ad-Hoc|x86.Build.0 = Release|Any CPU
		{D7CA417C-919D-477A-9EB6-E9EFB7497253}.AppStore|Any CPU.ActiveCfg = Release|Any CPU
		{D7CA417C-919D-477A-9EB6-E9EFB7497253}.AppStore|Any CPU.Build.0 = Release|Any CPU
		{D7CA417C-919D-477A-9EB6-E9EFB7497253}.AppStore|ARM.ActiveCfg = Release|Any CPU
		{D7CA417C-919D-477A-9EB6-E9EFB7497253}.AppStore|ARM.Build.0 = Release|Any CPU
		{D7CA417C-919D-477A-9EB6-E9EFB7497253}.AppStore|iPhone.ActiveCfg = Release|Any CPU
		{D7CA417C-919D-477A-9EB6-E9EFB7497253}.AppStore|iPhone.Build.0 = Release|Any CPU
		{D7CA417C-919D-477A-9EB6-E9EFB7497253}.AppStore|iPhoneSimulator.ActiveCfg = Release|Any CPU
		{D7CA417C-919D-477A-9EB6-E9EFB7497253}.AppStore|iPhoneSimulator.Build.0 = Release|Any CPU
		{D7CA417C-919D-477A-9EB6-E9EFB7497253}.AppStore|x64.ActiveCfg = Release|Any CPU
		{D7CA417C-919D-477A-9EB6-E9EFB7497253}.AppStore|x64.Build.0 = Release|Any CPU
		{D7CA417C-919D-477A-9EB6-E9EFB7497253}.AppStore|x86.ActiveCfg = Release|Any CPU
		{D7CA417C-919D-477A-9EB6-E9EFB7497253}.AppStore|x86.Build.0 = Release|Any CPU
		{D7CA417C-919D-477A-9EB6-E9EFB7497253}.Debug|Any CPU.ActiveCfg = Debug|Any CPU
		{D7CA417C-919D-477A-9EB6-E9EFB7497253}.Debug|Any CPU.Build.0 = Debug|Any CPU
		{D7CA417C-919D-477A-9EB6-E9EFB7497253}.Debug|ARM.ActiveCfg = Debug|Any CPU
		{D7CA417C-919D-477A-9EB6-E9EFB7497253}.Debug|ARM.Build.0 = Debug|Any CPU
		{D7CA417C-919D-477A-9EB6-E9EFB7497253}.Debug|iPhone.ActiveCfg = Debug|Any CPU
		{D7CA417C-919D-477A-9EB6-E9EFB7497253}.Debug|iPhone.Build.0 = Debug|Any CPU
		{D7CA417C-919D-477A-9EB6-E9EFB7497253}.Debug|iPhoneSimulator.ActiveCfg = Debug|Any CPU
		{D7CA417C-919D-477A-9EB6-E9EFB7497253}.Debug|iPhoneSimulator.Build.0 = Debug|Any CPU
		{D7CA417C-919D-477A-9EB6-E9EFB7497253}.Debug|x64.ActiveCfg = Debug|Any CPU
		{D7CA417C-919D-477A-9EB6-E9EFB7497253}.Debug|x64.Build.0 = Debug|Any CPU
		{D7CA417C-919D-477A-9EB6-E9EFB7497253}.Debug|x86.ActiveCfg = Debug|Any CPU
		{D7CA417C-919D-477A-9EB6-E9EFB7497253}.Debug|x86.Build.0 = Debug|Any CPU
		{D7CA417C-919D-477A-9EB6-E9EFB7497253}.Release|Any CPU.ActiveCfg = Release|Any CPU
		{D7CA417C-919D-477A-9EB6-E9EFB7497253}.Release|Any CPU.Build.0 = Release|Any CPU
		{D7CA417C-919D-477A-9EB6-E9EFB7497253}.Release|ARM.ActiveCfg = Release|Any CPU
		{D7CA417C-919D-477A-9EB6-E9EFB7497253}.Release|ARM.Build.0 = Release|Any CPU
		{D7CA417C-919D-477A-9EB6-E9EFB7497253}.Release|iPhone.ActiveCfg = Release|Any CPU
		{D7CA417C-919D-477A-9EB6-E9EFB7497253}.Release|iPhone.Build.0 = Release|Any CPU
		{D7CA417C-919D-477A-9EB6-E9EFB7497253}.Release|iPhoneSimulator.ActiveCfg = Release|Any CPU
		{D7CA417C-919D-477A-9EB6-E9EFB7497253}.Release|iPhoneSimulator.Build.0 = Release|Any CPU
		{D7CA417C-919D-477A-9EB6-E9EFB7497253}.Release|x64.ActiveCfg = Release|Any CPU
		{D7CA417C-919D-477A-9EB6-E9EFB7497253}.Release|x64.Build.0 = Release|Any CPU
		{D7CA417C-919D-477A-9EB6-E9EFB7497253}.Release|x86.ActiveCfg = Release|Any CPU
		{D7CA417C-919D-477A-9EB6-E9EFB7497253}.Release|x86.Build.0 = Release|Any CPU
		{130309BF-978F-44B7-B9DE-D251AB967BEE}.Ad-Hoc|Any CPU.ActiveCfg = Release|x86
		{130309BF-978F-44B7-B9DE-D251AB967BEE}.Ad-Hoc|Any CPU.Build.0 = Release|x86
		{130309BF-978F-44B7-B9DE-D251AB967BEE}.Ad-Hoc|Any CPU.Deploy.0 = Release|x86
		{130309BF-978F-44B7-B9DE-D251AB967BEE}.Ad-Hoc|ARM.ActiveCfg = Release|ARM
		{130309BF-978F-44B7-B9DE-D251AB967BEE}.Ad-Hoc|ARM.Build.0 = Release|ARM
		{130309BF-978F-44B7-B9DE-D251AB967BEE}.Ad-Hoc|ARM.Deploy.0 = Release|ARM
		{130309BF-978F-44B7-B9DE-D251AB967BEE}.Ad-Hoc|iPhone.ActiveCfg = Release|x86
		{130309BF-978F-44B7-B9DE-D251AB967BEE}.Ad-Hoc|iPhone.Build.0 = Release|x86
		{130309BF-978F-44B7-B9DE-D251AB967BEE}.Ad-Hoc|iPhone.Deploy.0 = Release|x86
		{130309BF-978F-44B7-B9DE-D251AB967BEE}.Ad-Hoc|iPhoneSimulator.ActiveCfg = Release|x86
		{130309BF-978F-44B7-B9DE-D251AB967BEE}.Ad-Hoc|iPhoneSimulator.Build.0 = Release|x86
		{130309BF-978F-44B7-B9DE-D251AB967BEE}.Ad-Hoc|iPhoneSimulator.Deploy.0 = Release|x86
		{130309BF-978F-44B7-B9DE-D251AB967BEE}.Ad-Hoc|x64.ActiveCfg = Release|x64
		{130309BF-978F-44B7-B9DE-D251AB967BEE}.Ad-Hoc|x64.Build.0 = Release|x64
		{130309BF-978F-44B7-B9DE-D251AB967BEE}.Ad-Hoc|x64.Deploy.0 = Release|x64
		{130309BF-978F-44B7-B9DE-D251AB967BEE}.Ad-Hoc|x86.ActiveCfg = Release|x86
		{130309BF-978F-44B7-B9DE-D251AB967BEE}.Ad-Hoc|x86.Build.0 = Release|x86
		{130309BF-978F-44B7-B9DE-D251AB967BEE}.Ad-Hoc|x86.Deploy.0 = Release|x86
		{130309BF-978F-44B7-B9DE-D251AB967BEE}.AppStore|Any CPU.ActiveCfg = Release|x86
		{130309BF-978F-44B7-B9DE-D251AB967BEE}.AppStore|Any CPU.Build.0 = Release|x86
		{130309BF-978F-44B7-B9DE-D251AB967BEE}.AppStore|Any CPU.Deploy.0 = Release|x86
		{130309BF-978F-44B7-B9DE-D251AB967BEE}.AppStore|ARM.ActiveCfg = Release|ARM
		{130309BF-978F-44B7-B9DE-D251AB967BEE}.AppStore|ARM.Build.0 = Release|ARM
		{130309BF-978F-44B7-B9DE-D251AB967BEE}.AppStore|ARM.Deploy.0 = Release|ARM
		{130309BF-978F-44B7-B9DE-D251AB967BEE}.AppStore|iPhone.ActiveCfg = Release|x86
		{130309BF-978F-44B7-B9DE-D251AB967BEE}.AppStore|iPhone.Build.0 = Release|x86
		{130309BF-978F-44B7-B9DE-D251AB967BEE}.AppStore|iPhone.Deploy.0 = Release|x86
		{130309BF-978F-44B7-B9DE-D251AB967BEE}.AppStore|iPhoneSimulator.ActiveCfg = Release|x86
		{130309BF-978F-44B7-B9DE-D251AB967BEE}.AppStore|iPhoneSimulator.Build.0 = Release|x86
		{130309BF-978F-44B7-B9DE-D251AB967BEE}.AppStore|iPhoneSimulator.Deploy.0 = Release|x86
		{130309BF-978F-44B7-B9DE-D251AB967BEE}.AppStore|x64.ActiveCfg = Release|x64
		{130309BF-978F-44B7-B9DE-D251AB967BEE}.AppStore|x64.Build.0 = Release|x64
		{130309BF-978F-44B7-B9DE-D251AB967BEE}.AppStore|x64.Deploy.0 = Release|x64
		{130309BF-978F-44B7-B9DE-D251AB967BEE}.AppStore|x86.ActiveCfg = Release|x86
		{130309BF-978F-44B7-B9DE-D251AB967BEE}.AppStore|x86.Build.0 = Release|x86
		{130309BF-978F-44B7-B9DE-D251AB967BEE}.AppStore|x86.Deploy.0 = Release|x86
		{130309BF-978F-44B7-B9DE-D251AB967BEE}.Debug|Any CPU.ActiveCfg = Debug|x86
		{130309BF-978F-44B7-B9DE-D251AB967BEE}.Debug|ARM.ActiveCfg = Debug|ARM
		{130309BF-978F-44B7-B9DE-D251AB967BEE}.Debug|ARM.Build.0 = Debug|ARM
		{130309BF-978F-44B7-B9DE-D251AB967BEE}.Debug|ARM.Deploy.0 = Debug|ARM
		{130309BF-978F-44B7-B9DE-D251AB967BEE}.Debug|iPhone.ActiveCfg = Debug|x86
		{130309BF-978F-44B7-B9DE-D251AB967BEE}.Debug|iPhoneSimulator.ActiveCfg = Debug|x86
		{130309BF-978F-44B7-B9DE-D251AB967BEE}.Debug|x64.ActiveCfg = Debug|x64
		{130309BF-978F-44B7-B9DE-D251AB967BEE}.Debug|x64.Build.0 = Debug|x64
		{130309BF-978F-44B7-B9DE-D251AB967BEE}.Debug|x64.Deploy.0 = Debug|x64
		{130309BF-978F-44B7-B9DE-D251AB967BEE}.Debug|x86.ActiveCfg = Debug|x86
		{130309BF-978F-44B7-B9DE-D251AB967BEE}.Debug|x86.Build.0 = Debug|x86
		{130309BF-978F-44B7-B9DE-D251AB967BEE}.Debug|x86.Deploy.0 = Debug|x86
		{130309BF-978F-44B7-B9DE-D251AB967BEE}.Release|Any CPU.ActiveCfg = Release|x86
		{130309BF-978F-44B7-B9DE-D251AB967BEE}.Release|ARM.ActiveCfg = Release|ARM
		{130309BF-978F-44B7-B9DE-D251AB967BEE}.Release|ARM.Build.0 = Release|ARM
		{130309BF-978F-44B7-B9DE-D251AB967BEE}.Release|ARM.Deploy.0 = Release|ARM
		{130309BF-978F-44B7-B9DE-D251AB967BEE}.Release|iPhone.ActiveCfg = Release|x86
		{130309BF-978F-44B7-B9DE-D251AB967BEE}.Release|iPhoneSimulator.ActiveCfg = Release|x86
		{130309BF-978F-44B7-B9DE-D251AB967BEE}.Release|x64.ActiveCfg = Release|x64
		{130309BF-978F-44B7-B9DE-D251AB967BEE}.Release|x64.Build.0 = Release|x64
		{130309BF-978F-44B7-B9DE-D251AB967BEE}.Release|x64.Deploy.0 = Release|x64
		{130309BF-978F-44B7-B9DE-D251AB967BEE}.Release|x86.ActiveCfg = Release|x86
		{130309BF-978F-44B7-B9DE-D251AB967BEE}.Release|x86.Build.0 = Release|x86
		{130309BF-978F-44B7-B9DE-D251AB967BEE}.Release|x86.Deploy.0 = Release|x86
		{222E610E-4E1F-4916-9E1A-272867B553A4}.Ad-Hoc|Any CPU.ActiveCfg = Ad-Hoc|iPhone
		{222E610E-4E1F-4916-9E1A-272867B553A4}.Ad-Hoc|ARM.ActiveCfg = Ad-Hoc|iPhone
		{222E610E-4E1F-4916-9E1A-272867B553A4}.Ad-Hoc|iPhone.ActiveCfg = Ad-Hoc|iPhone
		{222E610E-4E1F-4916-9E1A-272867B553A4}.Ad-Hoc|iPhone.Build.0 = Ad-Hoc|iPhone
		{222E610E-4E1F-4916-9E1A-272867B553A4}.Ad-Hoc|iPhoneSimulator.ActiveCfg = Ad-Hoc|iPhoneSimulator
		{222E610E-4E1F-4916-9E1A-272867B553A4}.Ad-Hoc|iPhoneSimulator.Build.0 = Ad-Hoc|iPhoneSimulator
		{222E610E-4E1F-4916-9E1A-272867B553A4}.Ad-Hoc|x64.ActiveCfg = Ad-Hoc|iPhone
		{222E610E-4E1F-4916-9E1A-272867B553A4}.Ad-Hoc|x86.ActiveCfg = Ad-Hoc|iPhone
		{222E610E-4E1F-4916-9E1A-272867B553A4}.AppStore|Any CPU.ActiveCfg = AppStore|iPhone
		{222E610E-4E1F-4916-9E1A-272867B553A4}.AppStore|ARM.ActiveCfg = AppStore|iPhone
		{222E610E-4E1F-4916-9E1A-272867B553A4}.AppStore|iPhone.ActiveCfg = AppStore|iPhone
		{222E610E-4E1F-4916-9E1A-272867B553A4}.AppStore|iPhone.Build.0 = AppStore|iPhone
		{222E610E-4E1F-4916-9E1A-272867B553A4}.AppStore|iPhoneSimulator.ActiveCfg = AppStore|iPhoneSimulator
		{222E610E-4E1F-4916-9E1A-272867B553A4}.AppStore|iPhoneSimulator.Build.0 = AppStore|iPhoneSimulator
		{222E610E-4E1F-4916-9E1A-272867B553A4}.AppStore|x64.ActiveCfg = AppStore|iPhone
		{222E610E-4E1F-4916-9E1A-272867B553A4}.AppStore|x86.ActiveCfg = AppStore|iPhone
		{222E610E-4E1F-4916-9E1A-272867B553A4}.Debug|Any CPU.ActiveCfg = Debug|iPhone
		{222E610E-4E1F-4916-9E1A-272867B553A4}.Debug|ARM.ActiveCfg = Debug|iPhone
		{222E610E-4E1F-4916-9E1A-272867B553A4}.Debug|iPhone.ActiveCfg = Debug|iPhone
		{222E610E-4E1F-4916-9E1A-272867B553A4}.Debug|iPhone.Build.0 = Debug|iPhone
		{222E610E-4E1F-4916-9E1A-272867B553A4}.Debug|iPhoneSimulator.ActiveCfg = Debug|iPhoneSimulator
		{222E610E-4E1F-4916-9E1A-272867B553A4}.Debug|iPhoneSimulator.Build.0 = Debug|iPhoneSimulator
		{222E610E-4E1F-4916-9E1A-272867B553A4}.Debug|x64.ActiveCfg = Debug|iPhone
		{222E610E-4E1F-4916-9E1A-272867B553A4}.Debug|x86.ActiveCfg = Debug|iPhone
		{222E610E-4E1F-4916-9E1A-272867B553A4}.Release|Any CPU.ActiveCfg = Release|iPhone
		{222E610E-4E1F-4916-9E1A-272867B553A4}.Release|ARM.ActiveCfg = Release|iPhone
		{222E610E-4E1F-4916-9E1A-272867B553A4}.Release|iPhone.ActiveCfg = Release|iPhone
		{222E610E-4E1F-4916-9E1A-272867B553A4}.Release|iPhone.Build.0 = Release|iPhone
		{222E610E-4E1F-4916-9E1A-272867B553A4}.Release|iPhoneSimulator.ActiveCfg = Release|iPhoneSimulator
		{222E610E-4E1F-4916-9E1A-272867B553A4}.Release|iPhoneSimulator.Build.0 = Release|iPhoneSimulator
		{222E610E-4E1F-4916-9E1A-272867B553A4}.Release|x64.ActiveCfg = Release|iPhone
		{222E610E-4E1F-4916-9E1A-272867B553A4}.Release|x86.ActiveCfg = Release|iPhone
	EndGlobalSection
	GlobalSection(SolutionProperties) = preSolution
		HideSolutionNode = FALSE
	EndGlobalSection
EndGlobal
